# This file is automatically @generated by Poetry 1.4.2 and should not be changed by hand.

[[package]]
name = "nats-py"
version = "2.2.0"
description = "NATS client for Python"
category = "main"
optional = false
python-versions = ">=3.7"
files = [
    {file = "nats-py-2.2.0.tar.gz", hash = "sha256:e45a0bafde2d04fb2d2bd6b0527b95bc77f371beaf7b6237354be0234ff9bba9"},
]

[package.extras]
nkeys = ["nkeys"]

[[package]]
name = "prometheus-client"
version = "0.16.0"
description = "Python client for the Prometheus monitoring system."
category = "main"
optional = false
python-versions = ">=3.6"
files = [
    {file = "prometheus_client-0.16.0-py3-none-any.whl", hash = "sha256:0836af6eb2c8f4fed712b2f279f6c0a8bbab29f9f4aa15276b91c7cb0d1616ab"},
    {file = "prometheus_client-0.16.0.tar.gz", hash = "sha256:a03e35b359f14dd1630898543e2120addfdeacd1a6069c1367ae90fd93ad3f48"},
]

[package.extras]
twisted = ["twisted"]

[metadata]
lock-version = "2.0"
python-versions = "^3.10"
content-hash = "4c4267a0a312a69f2ec458542f218ea9699e4db630af70d9a5022fd48f6c3d06"
